
Microsoft Visual Studio Solution File, Format Version 12.00
# Visual Studio Version 16
VisualStudioVersion = 16.0.31005.135
MinimumVisualStudioVersion = 10.0.40219.1
Project("{8BC9CEB8-8B4A-11D0-8D11-00A0C91BC942}") = "Except", "Except\Except.vcxproj", "{79F8B19F-2C98-421D-AD48-55BC92FFEC50}"
EndProject
Global
	GlobalSection(SolutionConfigurationPlatforms) = preSolution
		Debug|x64 = Debug|x64
		Debug|x86 = Debug|x86
		Release|x64 = Release|x64
		Release|x86 = Release|x86
	EndGlobalSection
	GlobalSection(ProjectConfigurationPlatforms) = postSolution
		{79F8B19F-2C98-421D-AD48-55BC92FFEC50}.Debug|x64.ActiveCfg = Debug|x64
		{79F8B19F-2C98-421D-AD48-55BC92FFEC50}.Debug|x64.Build.0 = Debug|x64
		{79F8B19F-2C98-421D-AD48-55BC92FFEC50}.Debug|x86.ActiveCfg = Debug|Win32
		{79F8B19F-2C98-421D-AD48-55BC92FFEC50}.Debug|x86.Build.0 = Debug|Win32
		{79F8B19F-2C98-421D-AD48-55BC92FFEC50}.Release|x64.ActiveCfg = Release|x64
		{79F8B19F-2C98-421D-AD48-55BC92FFEC50}.Release|x64.Build.0 = Release|x64
		{79F8B19F-2C98-421D-AD48-55BC92FFEC50}.Release|x86.ActiveCfg = Release|Win32
		{79F8B19F-2C98-421D-AD48-55BC92FFEC50}.Release|x86.Build.0 = Release|Win32
	EndGlobalSection
	GlobalSection(SolutionProperties) = preSolution
		HideSolutionNode = FALSE
	EndGlobalSection
	GlobalSection(ExtensibilityGlobals) = postSolution
		SolutionGuid = {4579F382-F1B9-4734-B397-2DC967ACEA09}
	EndGlobalSection
EndGlobal
