
Microsoft Visual Studio Solution File, Format Version 12.00
# Visual Studio Version 16
VisualStudioVersion = 16.0.30804.86
MinimumVisualStudioVersion = 10.0.40219.1
Project("{8BC9CEB8-8B4A-11D0-8D11-00A0C91BC942}") = "First", "First\First.vcxproj", "{60247D1F-66B5-49C7-BE90-6705C9FAF67A}"
EndProject
Global
	GlobalSection(SolutionConfigurationPlatforms) = preSolution
		Debug|x64 = Debug|x64
		Debug|x86 = Debug|x86
		Release|x64 = Release|x64
		Release|x86 = Release|x86
	EndGlobalSection
	GlobalSection(ProjectConfigurationPlatforms) = postSolution
		{60247D1F-66B5-49C7-BE90-6705C9FAF67A}.Debug|x64.ActiveCfg = Debug|x64
		{60247D1F-66B5-49C7-BE90-6705C9FAF67A}.Debug|x64.Build.0 = Debug|x64
		{60247D1F-66B5-49C7-BE90-6705C9FAF67A}.Debug|x86.ActiveCfg = Debug|Win32
		{60247D1F-66B5-49C7-BE90-6705C9FAF67A}.Debug|x86.Build.0 = Debug|Win32
		{60247D1F-66B5-49C7-BE90-6705C9FAF67A}.Release|x64.ActiveCfg = Release|x64
		{60247D1F-66B5-49C7-BE90-6705C9FAF67A}.Release|x64.Build.0 = Release|x64
		{60247D1F-66B5-49C7-BE90-6705C9FAF67A}.Release|x86.ActiveCfg = Release|Win32
		{60247D1F-66B5-49C7-BE90-6705C9FAF67A}.Release|x86.Build.0 = Release|Win32
	EndGlobalSection
	GlobalSection(SolutionProperties) = preSolution
		HideSolutionNode = FALSE
	EndGlobalSection
	GlobalSection(ExtensibilityGlobals) = postSolution
		SolutionGuid = {17C8E678-6875-4B3A-B64A-D3B4885F0111}
	EndGlobalSection
EndGlobal
